# THIS IS AN AUTOGENERATED FILE. DO NOT EDIT THIS FILE DIRECTLY.
# yarn lockfile v1


"@types/chrome@^0.0.159":
  version "0.0.159"
  resolved "https://registry.yarnpkg.com/@types/chrome/-/chrome-0.0.159.tgz#0c1125fbb6d1fd64713e35de9aafbfd5a1b7a33a"
  integrity sha512-WZBkNJGAwZuRgv/an94DANdzFtJK0TvlO/evMpJD/TYnkjIxynIAU6RM7M78e8tyig/vD6weQ9T1Ba7v8nYjXQ==
  dependencies:
    "@types/filesystem" "*"
    "@types/har-format" "*"

"@types/filesystem@*":
  version "0.0.32"
  resolved "https://registry.yarnpkg.com/@types/filesystem/-/filesystem-0.0.32.tgz#307df7cc084a2293c3c1a31151b178063e0a8edf"
  integrity sha512-Yuf4jR5YYMR2DVgwuCiP11s0xuVRyPKmz8vo6HBY3CGdeMj8af93CFZX+T82+VD1+UqHOxTq31lO7MI7lepBtQ==
  dependencies:
    "@types/filewriter" "*"

"@types/filewriter@*":
  version "0.0.29"
  resolved "https://registry.yarnpkg.com/@types/filewriter/-/filewriter-0.0.29.tgz#a48795ecadf957f6c0d10e0c34af86c098fa5bee"
  integrity sha512-BsPXH/irW0ht0Ji6iw/jJaK8Lj3FJemon2gvEqHKpCdDCeemHa+rI3WBGq5z7cDMZgoLjY40oninGxqk+8NzNQ==

"@types/har-format@*":
  version "1.2.7"
  resolved "https://registry.yarnpkg.com/@types/har-format/-/har-format-1.2.7.tgz#debfe36378f26c4fc2abca1df99f00a8ff94fd29"
  integrity sha512-/TPzUG0tJn5x1TUcVLlDx2LqbE58hyOzDVAc9kf8SpOEmguHjU6bKUyfqb211AdqLOmU/SNyXvLKPNP5qTlfRw==
